
Microsoft Visual Studio Solution File, Format Version 12.00
# Visual Studio Version 16
VisualStudioVersion = 16.0.30114.105
MinimumVisualStudioVersion = 10.0.40219.1
Project("{FAE04EC0-301F-11D3-BF4B-00C04F79EFBC}") = "Drocha.Blazor.Components.TestWasmApp", "Drocha.Blazor.Components.TestWasmApp\Drocha.Blazor.Components.TestWasmApp.csproj", "{E4326969-B478-4EB2-AABF-62258B9CA3C8}"
EndProject
Project("{FAE04EC0-301F-11D3-BF4B-00C04F79EFBC}") = "Drocha.Blazor.Components.TestServerApp", "Drocha.Blazor.Components.TestServerApp\Drocha.Blazor.Components.TestServerApp.csproj", "{DC8DD109-D18E-4352-9B85-4DE31D03F44C}"
EndProject
Project("{FAE04EC0-301F-11D3-BF4B-00C04F79EFBC}") = "Drocha.Blazor.Components.Popover", "Drocha.Blazor.Components.Popover\Drocha.Blazor.Components.Popover.csproj", "{5601784D-EF28-434A-A0B7-B4635CBEE4D8}"
EndProject
Project("{FAE04EC0-301F-11D3-BF4B-00C04F79EFBC}") = "Drocha.Blazor.Components.Popover.Tests", "Drocha.Blazor.Components.Popover.Tests\Drocha.Blazor.Components.Popover.Tests.csproj", "{CC5B9482-92D8-4A8A-AD98-A91BC8A29EB1}"
EndProject
Global
	GlobalSection(SolutionProperties) = preSolution
		HideSolutionNode = FALSE
	EndGlobalSection
	GlobalSection(SolutionConfigurationPlatforms) = preSolution
		Debug|Any CPU = Debug|Any CPU
		Debug|x64 = Debug|x64
		Debug|x86 = Debug|x86
		Release|Any CPU = Release|Any CPU
		Release|x64 = Release|x64
		Release|x86 = Release|x86
	EndGlobalSection
	GlobalSection(ProjectConfigurationPlatforms) = postSolution
		{E4326969-B478-4EB2-AABF-62258B9CA3C8}.Debug|Any CPU.ActiveCfg = Debug|Any CPU
		{E4326969-B478-4EB2-AABF-62258B9CA3C8}.Debug|Any CPU.Build.0 = Debug|Any CPU
		{E4326969-B478-4EB2-AABF-62258B9CA3C8}.Debug|x64.ActiveCfg = Debug|Any CPU
		{E4326969-B478-4EB2-AABF-62258B9CA3C8}.Debug|x64.Build.0 = Debug|Any CPU
		{E4326969-B478-4EB2-AABF-62258B9CA3C8}.Debug|x86.ActiveCfg = Debug|Any CPU
		{E4326969-B478-4EB2-AABF-62258B9CA3C8}.Debug|x86.Build.0 = Debug|Any CPU
		{E4326969-B478-4EB2-AABF-62258B9CA3C8}.Release|Any CPU.ActiveCfg = Release|Any CPU
		{E4326969-B478-4EB2-AABF-62258B9CA3C8}.Release|Any CPU.Build.0 = Release|Any CPU
		{E4326969-B478-4EB2-AABF-62258B9CA3C8}.Release|x64.ActiveCfg = Release|Any CPU
		{E4326969-B478-4EB2-AABF-62258B9CA3C8}.Release|x64.Build.0 = Release|Any CPU
		{E4326969-B478-4EB2-AABF-62258B9CA3C8}.Release|x86.ActiveCfg = Release|Any CPU
		{E4326969-B478-4EB2-AABF-62258B9CA3C8}.Release|x86.Build.0 = Release|Any CPU
		{DC8DD109-D18E-4352-9B85-4DE31D03F44C}.Debug|Any CPU.ActiveCfg = Debug|Any CPU
		{DC8DD109-D18E-4352-9B85-4DE31D03F44C}.Debug|Any CPU.Build.0 = Debug|Any CPU
		{DC8DD109-D18E-4352-9B85-4DE31D03F44C}.Debug|x64.ActiveCfg = Debug|Any CPU
		{DC8DD109-D18E-4352-9B85-4DE31D03F44C}.Debug|x64.Build.0 = Debug|Any CPU
		{DC8DD109-D18E-4352-9B85-4DE31D03F44C}.Debug|x86.ActiveCfg = Debug|Any CPU
		{DC8DD109-D18E-4352-9B85-4DE31D03F44C}.Debug|x86.Build.0 = Debug|Any CPU
		{DC8DD109-D18E-4352-9B85-4DE31D03F44C}.Release|Any CPU.ActiveCfg = Release|Any CPU
		{DC8DD109-D18E-4352-9B85-4DE31D03F44C}.Release|Any CPU.Build.0 = Release|Any CPU
		{DC8DD109-D18E-4352-9B85-4DE31D03F44C}.Release|x64.ActiveCfg = Release|Any CPU
		{DC8DD109-D18E-4352-9B85-4DE31D03F44C}.Release|x64.Build.0 = Release|Any CPU
		{DC8DD109-D18E-4352-9B85-4DE31D03F44C}.Release|x86.ActiveCfg = Release|Any CPU
		{DC8DD109-D18E-4352-9B85-4DE31D03F44C}.Release|x86.Build.0 = Release|Any CPU
		{5601784D-EF28-434A-A0B7-B4635CBEE4D8}.Debug|Any CPU.ActiveCfg = Debug|Any CPU
		{5601784D-EF28-434A-A0B7-B4635CBEE4D8}.Debug|Any CPU.Build.0 = Debug|Any CPU
		{5601784D-EF28-434A-A0B7-B4635CBEE4D8}.Debug|x64.ActiveCfg = Debug|Any CPU
		{5601784D-EF28-434A-A0B7-B4635CBEE4D8}.Debug|x64.Build.0 = Debug|Any CPU
		{5601784D-EF28-434A-A0B7-B4635CBEE4D8}.Debug|x86.ActiveCfg = Debug|Any CPU
		{5601784D-EF28-434A-A0B7-B4635CBEE4D8}.Debug|x86.Build.0 = Debug|Any CPU
		{5601784D-EF28-434A-A0B7-B4635CBEE4D8}.Release|Any CPU.ActiveCfg = Release|Any CPU
		{5601784D-EF28-434A-A0B7-B4635CBEE4D8}.Release|Any CPU.Build.0 = Release|Any CPU
		{5601784D-EF28-434A-A0B7-B4635CBEE4D8}.Release|x64.ActiveCfg = Release|Any CPU
		{5601784D-EF28-434A-A0B7-B4635CBEE4D8}.Release|x64.Build.0 = Release|Any CPU
		{5601784D-EF28-434A-A0B7-B4635CBEE4D8}.Release|x86.ActiveCfg = Release|Any CPU
		{5601784D-EF28-434A-A0B7-B4635CBEE4D8}.Release|x86.Build.0 = Release|Any CPU
		{CC5B9482-92D8-4A8A-AD98-A91BC8A29EB1}.Debug|Any CPU.ActiveCfg = Debug|Any CPU
		{CC5B9482-92D8-4A8A-AD98-A91BC8A29EB1}.Debug|Any CPU.Build.0 = Debug|Any CPU
		{CC5B9482-92D8-4A8A-AD98-A91BC8A29EB1}.Debug|x64.ActiveCfg = Debug|Any CPU
		{CC5B9482-92D8-4A8A-AD98-A91BC8A29EB1}.Debug|x64.Build.0 = Debug|Any CPU
		{CC5B9482-92D8-4A8A-AD98-A91BC8A29EB1}.Debug|x86.ActiveCfg = Debug|Any CPU
		{CC5B9482-92D8-4A8A-AD98-A91BC8A29EB1}.Debug|x86.Build.0 = Debug|Any CPU
		{CC5B9482-92D8-4A8A-AD98-A91BC8A29EB1}.Release|Any CPU.ActiveCfg = Release|Any CPU
		{CC5B9482-92D8-4A8A-AD98-A91BC8A29EB1}.Release|Any CPU.Build.0 = Release|Any CPU
		{CC5B9482-92D8-4A8A-AD98-A91BC8A29EB1}.Release|x64.ActiveCfg = Release|Any CPU
		{CC5B9482-92D8-4A8A-AD98-A91BC8A29EB1}.Release|x64.Build.0 = Release|Any CPU
		{CC5B9482-92D8-4A8A-AD98-A91BC8A29EB1}.Release|x86.ActiveCfg = Release|Any CPU
		{CC5B9482-92D8-4A8A-AD98-A91BC8A29EB1}.Release|x86.Build.0 = Release|Any CPU
	EndGlobalSection
EndGlobal
